
Microsoft Visual Studio Solution File, Format Version 12.00
# Visual Studio Version 16
VisualStudioVersion = 16.0.31129.286
MinimumVisualStudioVersion = 10.0.40219.1
Project("{FAE04EC0-301F-11D3-BF4B-00C04F79EFBC}") = "exercício if-else", "exercício if-else\exercício if-else.csproj", "{45B6BE30-D110-475F-B308-E9A58BBC0E19}"
EndProject
Global
	GlobalSection(SolutionConfigurationPlatforms) = preSolution
		Debug|Any CPU = Debug|Any CPU
		Release|Any CPU = Release|Any CPU
	EndGlobalSection
	GlobalSection(ProjectConfigurationPlatforms) = postSolution
		{45B6BE30-D110-475F-B308-E9A58BBC0E19}.Debug|Any CPU.ActiveCfg = Debug|Any CPU
		{45B6BE30-D110-475F-B308-E9A58BBC0E19}.Debug|Any CPU.Build.0 = Debug|Any CPU
		{45B6BE30-D110-475F-B308-E9A58BBC0E19}.Release|Any CPU.ActiveCfg = Release|Any CPU
		{45B6BE30-D110-475F-B308-E9A58BBC0E19}.Release|Any CPU.Build.0 = Release|Any CPU
	EndGlobalSection
	GlobalSection(SolutionProperties) = preSolution
		HideSolutionNode = FALSE
	EndGlobalSection
	GlobalSection(ExtensibilityGlobals) = postSolution
		SolutionGuid = {85417CC0-73E9-43A8-A866-3023F83571DE}
	EndGlobalSection
EndGlobal
