
Microsoft Visual Studio Solution File, Format Version 12.00
# Visual Studio Version 16
VisualStudioVersion = 16.0.31129.286
MinimumVisualStudioVersion = 10.0.40219.1
Project("{FAE04EC0-301F-11D3-BF4B-00C04F79EFBC}") = "funcoes(sintaxe)", "funcoes(sintaxe)\funcoes(sintaxe).csproj", "{AB45BF76-BDB9-4C22-905F-A9688DAE7901}"
EndProject
Global
	GlobalSection(SolutionConfigurationPlatforms) = preSolution
		Debug|Any CPU = Debug|Any CPU
		Release|Any CPU = Release|Any CPU
	EndGlobalSection
	GlobalSection(ProjectConfigurationPlatforms) = postSolution
		{AB45BF76-BDB9-4C22-905F-A9688DAE7901}.Debug|Any CPU.ActiveCfg = Debug|Any CPU
		{AB45BF76-BDB9-4C22-905F-A9688DAE7901}.Debug|Any CPU.Build.0 = Debug|Any CPU
		{AB45BF76-BDB9-4C22-905F-A9688DAE7901}.Release|Any CPU.ActiveCfg = Release|Any CPU
		{AB45BF76-BDB9-4C22-905F-A9688DAE7901}.Release|Any CPU.Build.0 = Release|Any CPU
	EndGlobalSection
	GlobalSection(SolutionProperties) = preSolution
		HideSolutionNode = FALSE
	EndGlobalSection
	GlobalSection(ExtensibilityGlobals) = postSolution
		SolutionGuid = {14452ED0-4B46-4E5A-BE6A-4E7B74626124}
	EndGlobalSection
EndGlobal
