
Microsoft Visual Studio Solution File, Format Version 12.00
# Visual Studio Version 16
VisualStudioVersion = 16.0.31129.286
MinimumVisualStudioVersion = 10.0.40219.1
Project("{FAE04EC0-301F-11D3-BF4B-00C04F79EFBC}") = "operadores", "operadores\operadores.csproj", "{F28A92F4-62D4-4D5E-ABC6-A4D977A7E0AB}"
EndProject
Global
	GlobalSection(SolutionConfigurationPlatforms) = preSolution
		Debug|Any CPU = Debug|Any CPU
		Release|Any CPU = Release|Any CPU
	EndGlobalSection
	GlobalSection(ProjectConfigurationPlatforms) = postSolution
		{F28A92F4-62D4-4D5E-ABC6-A4D977A7E0AB}.Debug|Any CPU.ActiveCfg = Debug|Any CPU
		{F28A92F4-62D4-4D5E-ABC6-A4D977A7E0AB}.Debug|Any CPU.Build.0 = Debug|Any CPU
		{F28A92F4-62D4-4D5E-ABC6-A4D977A7E0AB}.Release|Any CPU.ActiveCfg = Release|Any CPU
		{F28A92F4-62D4-4D5E-ABC6-A4D977A7E0AB}.Release|Any CPU.Build.0 = Release|Any CPU
	EndGlobalSection
	GlobalSection(SolutionProperties) = preSolution
		HideSolutionNode = FALSE
	EndGlobalSection
	GlobalSection(ExtensibilityGlobals) = postSolution
		SolutionGuid = {4EF0354A-C42C-4589-962D-15DBCF3044FB}
	EndGlobalSection
EndGlobal
