
Microsoft Visual Studio Solution File, Format Version 12.00
# Visual Studio Version 16
VisualStudioVersion = 16.0.31205.134
MinimumVisualStudioVersion = 10.0.40219.1
Project("{FAE04EC0-301F-11D3-BF4B-00C04F79EFBC}") = "Nullable", "Nullable\Nullable.csproj", "{E1A8447A-F73D-4F63-8A83-78A756B87153}"
EndProject
Global
	GlobalSection(SolutionConfigurationPlatforms) = preSolution
		Debug|Any CPU = Debug|Any CPU
		Release|Any CPU = Release|Any CPU
	EndGlobalSection
	GlobalSection(ProjectConfigurationPlatforms) = postSolution
		{E1A8447A-F73D-4F63-8A83-78A756B87153}.Debug|Any CPU.ActiveCfg = Debug|Any CPU
		{E1A8447A-F73D-4F63-8A83-78A756B87153}.Debug|Any CPU.Build.0 = Debug|Any CPU
		{E1A8447A-F73D-4F63-8A83-78A756B87153}.Release|Any CPU.ActiveCfg = Release|Any CPU
		{E1A8447A-F73D-4F63-8A83-78A756B87153}.Release|Any CPU.Build.0 = Release|Any CPU
	EndGlobalSection
	GlobalSection(SolutionProperties) = preSolution
		HideSolutionNode = FALSE
	EndGlobalSection
	GlobalSection(ExtensibilityGlobals) = postSolution
		SolutionGuid = {6549DD82-DFB8-4996-9669-8ACEE9363D12}
	EndGlobalSection
EndGlobal
