
Microsoft Visual Studio Solution File, Format Version 12.00
# Visual Studio Version 16
VisualStudioVersion = 16.0.31205.134
MinimumVisualStudioVersion = 10.0.40219.1
Project("{FAE04EC0-301F-11D3-BF4B-00C04F79EFBC}") = "Inferencia_De_Tipos", "Inferencia_De_Tipos\Inferencia_De_Tipos.csproj", "{DD0D3C9A-F962-4B65-854E-9C0B4F79AE8C}"
EndProject
Global
	GlobalSection(SolutionConfigurationPlatforms) = preSolution
		Debug|Any CPU = Debug|Any CPU
		Release|Any CPU = Release|Any CPU
	EndGlobalSection
	GlobalSection(ProjectConfigurationPlatforms) = postSolution
		{DD0D3C9A-F962-4B65-854E-9C0B4F79AE8C}.Debug|Any CPU.ActiveCfg = Debug|Any CPU
		{DD0D3C9A-F962-4B65-854E-9C0B4F79AE8C}.Debug|Any CPU.Build.0 = Debug|Any CPU
		{DD0D3C9A-F962-4B65-854E-9C0B4F79AE8C}.Release|Any CPU.ActiveCfg = Release|Any CPU
		{DD0D3C9A-F962-4B65-854E-9C0B4F79AE8C}.Release|Any CPU.Build.0 = Release|Any CPU
	EndGlobalSection
	GlobalSection(SolutionProperties) = preSolution
		HideSolutionNode = FALSE
	EndGlobalSection
	GlobalSection(ExtensibilityGlobals) = postSolution
		SolutionGuid = {23D45C45-275E-46BF-9B8F-72A85A49F20B}
	EndGlobalSection
EndGlobal
