
Microsoft Visual Studio Solution File, Format Version 12.00
# Visual Studio Version 16
VisualStudioVersion = 16.0.31129.286
MinimumVisualStudioVersion = 10.0.40219.1
Project("{FAE04EC0-301F-11D3-BF4B-00C04F79EFBC}") = "convesao", "convesao\convesao.csproj", "{1261D7AC-FD6A-4004-B24B-BD0BB4FCDC1B}"
EndProject
Global
	GlobalSection(SolutionConfigurationPlatforms) = preSolution
		Debug|Any CPU = Debug|Any CPU
		Release|Any CPU = Release|Any CPU
	EndGlobalSection
	GlobalSection(ProjectConfigurationPlatforms) = postSolution
		{1261D7AC-FD6A-4004-B24B-BD0BB4FCDC1B}.Debug|Any CPU.ActiveCfg = Debug|Any CPU
		{1261D7AC-FD6A-4004-B24B-BD0BB4FCDC1B}.Debug|Any CPU.Build.0 = Debug|Any CPU
		{1261D7AC-FD6A-4004-B24B-BD0BB4FCDC1B}.Release|Any CPU.ActiveCfg = Release|Any CPU
		{1261D7AC-FD6A-4004-B24B-BD0BB4FCDC1B}.Release|Any CPU.Build.0 = Release|Any CPU
	EndGlobalSection
	GlobalSection(SolutionProperties) = preSolution
		HideSolutionNode = FALSE
	EndGlobalSection
	GlobalSection(ExtensibilityGlobals) = postSolution
		SolutionGuid = {25E5BD73-F91B-40A5-A539-30603BD3EA43}
	EndGlobalSection
EndGlobal
